
Microsoft Visual Studio Solution File, Format Version 12.00
# Visual Studio Version 17
VisualStudioVersion = 17.10.35013.160
MinimumVisualStudioVersion = 10.0.40219.1
Project("{9A19103F-16F7-4668-BE54-9A1E7A4F7556}") = "ATSCADA_Library", "ATSCADA_Library\ATSCADA_Library.csproj", "{B5662BD3-6B9D-4FF2-98C1-6B64329EC1F1}"
EndProject
Project("{9A19103F-16F7-4668-BE54-9A1E7A4F7556}") = "ATSCADA_API", "ATSCADA_API\ATSCADA_API.csproj", "{24E35EAB-FE2B-4171-A93B-407912025F54}"
EndProject
Project("{9A19103F-16F7-4668-BE54-9A1E7A4F7556}") = "ATSCADA_Client", "ATSCADA_Client\ATSCADA_Client.csproj", "{18B61C54-46F2-4282-B1AF-D135EEC92E7C}"
EndProject
Global
	GlobalSection(SolutionConfigurationPlatforms) = preSolution
		Debug|Any CPU = Debug|Any CPU
		Release|Any CPU = Release|Any CPU
	EndGlobalSection
	GlobalSection(ProjectConfigurationPlatforms) = postSolution
		{B5662BD3-6B9D-4FF2-98C1-6B64329EC1F1}.Debug|Any CPU.ActiveCfg = Debug|Any CPU
		{B5662BD3-6B9D-4FF2-98C1-6B64329EC1F1}.Debug|Any CPU.Build.0 = Debug|Any CPU
		{B5662BD3-6B9D-4FF2-98C1-6B64329EC1F1}.Release|Any CPU.ActiveCfg = Release|Any CPU
		{B5662BD3-6B9D-4FF2-98C1-6B64329EC1F1}.Release|Any CPU.Build.0 = Release|Any CPU
		{24E35EAB-FE2B-4171-A93B-407912025F54}.Debug|Any CPU.ActiveCfg = Debug|Any CPU
		{24E35EAB-FE2B-4171-A93B-407912025F54}.Debug|Any CPU.Build.0 = Debug|Any CPU
		{24E35EAB-FE2B-4171-A93B-407912025F54}.Release|Any CPU.ActiveCfg = Release|Any CPU
		{24E35EAB-FE2B-4171-A93B-407912025F54}.Release|Any CPU.Build.0 = Release|Any CPU
		{18B61C54-46F2-4282-B1AF-D135EEC92E7C}.Debug|Any CPU.ActiveCfg = Debug|Any CPU
		{18B61C54-46F2-4282-B1AF-D135EEC92E7C}.Debug|Any CPU.Build.0 = Debug|Any CPU
		{18B61C54-46F2-4282-B1AF-D135EEC92E7C}.Release|Any CPU.ActiveCfg = Release|Any CPU
		{18B61C54-46F2-4282-B1AF-D135EEC92E7C}.Release|Any CPU.Build.0 = Release|Any CPU
	EndGlobalSection
	GlobalSection(SolutionProperties) = preSolution
		HideSolutionNode = FALSE
	EndGlobalSection
	GlobalSection(ExtensibilityGlobals) = postSolution
		SolutionGuid = {B42A4833-FAEB-40BC-AAE2-FB3B56EB5425}
	EndGlobalSection
EndGlobal
